
Microsoft Visual Studio Solution File, Format Version 12.00
# Visual Studio Version 16
VisualStudioVersion = 16.0.31019.194
MinimumVisualStudioVersion = 10.0.40219.1
Project("{FAE04EC0-301F-11D3-BF4B-00C04F79EFBC}") = "MergeSortDemo", "MergeSortDemo.csproj", "{09DA9F61-532B-4ACE-B2DE-8116B03325D1}"
EndProject
Global
	GlobalSection(SolutionConfigurationPlatforms) = preSolution
		Debug|Any CPU = Debug|Any CPU
		Release|Any CPU = Release|Any CPU
	EndGlobalSection
	GlobalSection(ProjectConfigurationPlatforms) = postSolution
		{09DA9F61-532B-4ACE-B2DE-8116B03325D1}.Debug|Any CPU.ActiveCfg = Debug|Any CPU
		{09DA9F61-532B-4ACE-B2DE-8116B03325D1}.Debug|Any CPU.Build.0 = Debug|Any CPU
		{09DA9F61-532B-4ACE-B2DE-8116B03325D1}.Release|Any CPU.ActiveCfg = Release|Any CPU
		{09DA9F61-532B-4ACE-B2DE-8116B03325D1}.Release|Any CPU.Build.0 = Release|Any CPU
	EndGlobalSection
	GlobalSection(SolutionProperties) = preSolution
		HideSolutionNode = FALSE
	EndGlobalSection
	GlobalSection(ExtensibilityGlobals) = postSolution
		SolutionGuid = {4F5C7DE3-FA18-47B3-AC50-656B064C5310}
	EndGlobalSection
EndGlobal
